
Microsoft Visual Studio Solution File, Format Version 12.00
# Visual Studio Version 17
VisualStudioVersion = 17.7.34009.444
MinimumVisualStudioVersion = 10.0.40219.1
Project("{FAE04EC0-301F-11D3-BF4B-00C04F79EFBC}") = "blocodetexto", "blocodetexto\blocodetexto.csproj", "{BFEDA0DC-91EC-463E-BC38-3BB32FD23FE7}"
EndProject
Global
	GlobalSection(SolutionConfigurationPlatforms) = preSolution
		Debug|Any CPU = Debug|Any CPU
		Release|Any CPU = Release|Any CPU
	EndGlobalSection
	GlobalSection(ProjectConfigurationPlatforms) = postSolution
		{BFEDA0DC-91EC-463E-BC38-3BB32FD23FE7}.Debug|Any CPU.ActiveCfg = Debug|Any CPU
		{BFEDA0DC-91EC-463E-BC38-3BB32FD23FE7}.Debug|Any CPU.Build.0 = Debug|Any CPU
		{BFEDA0DC-91EC-463E-BC38-3BB32FD23FE7}.Release|Any CPU.ActiveCfg = Release|Any CPU
		{BFEDA0DC-91EC-463E-BC38-3BB32FD23FE7}.Release|Any CPU.Build.0 = Release|Any CPU
	EndGlobalSection
	GlobalSection(SolutionProperties) = preSolution
		HideSolutionNode = FALSE
	EndGlobalSection
	GlobalSection(ExtensibilityGlobals) = postSolution
		SolutionGuid = {E8A04D0A-CC40-4290-A3C3-89736BBE1C86}
	EndGlobalSection
EndGlobal
